
Microsoft Visual Studio Solution File, Format Version 12.00
# Visual Studio Version 16
VisualStudioVersion = 16.0.29613.14
MinimumVisualStudioVersion = 10.0.40219.1
Project("{FAE04EC0-301F-11D3-BF4B-00C04F79EFBC}") = "eDaemon", "eDaemon.csproj", "{0750A6B0-B5C3-4403-8CD4-50EE901D69C4}"
EndProject
Global
	GlobalSection(SolutionConfigurationPlatforms) = preSolution
		Debug|Any CPU = Debug|Any CPU
		Release|Any CPU = Release|Any CPU
	EndGlobalSection
	GlobalSection(ProjectConfigurationPlatforms) = postSolution
		{0750A6B0-B5C3-4403-8CD4-50EE901D69C4}.Debug|Any CPU.ActiveCfg = Debug|Any CPU
		{0750A6B0-B5C3-4403-8CD4-50EE901D69C4}.Debug|Any CPU.Build.0 = Debug|Any CPU
		{0750A6B0-B5C3-4403-8CD4-50EE901D69C4}.Release|Any CPU.ActiveCfg = Release|Any CPU
		{0750A6B0-B5C3-4403-8CD4-50EE901D69C4}.Release|Any CPU.Build.0 = Release|Any CPU
	EndGlobalSection
	GlobalSection(SolutionProperties) = preSolution
		HideSolutionNode = FALSE
	EndGlobalSection
	GlobalSection(ExtensibilityGlobals) = postSolution
		SolutionGuid = {8A273A18-A2A0-441D-926F-8404B29139C5}
	EndGlobalSection
EndGlobal
